// !$*UTF8*$!
{
	archiveVersion = 1;
	classes = {
	};
	objectVersion = 46;
	objects = {

/* Begin PBXBuildFile section */
		D0ABE5B71C47E8DC00DC65DF /* main.m in Sources */ = {isa = PBXBuildFile; fileRef = D0ABE5B61C47E8DC00DC65DF /* main.m */; };
		D0ABE5BA1C47E8DC00DC65DF /* AppDelegate.m in Sources */ = {isa = PBXBuildFile; fileRef = D0ABE5B91C47E8DC00DC65DF /* AppDelegate.m */; };
		D0ABE5BD1C47E8DC00DC65DF /* ViewController.m in Sources */ = {isa = PBXBuildFile; fileRef = D0ABE5BC1C47E8DC00DC65DF /* ViewController.m */; };
		D0ABE5C01C47E8DC00DC65DF /* Main.storyboard in Resources */ = {isa = PBXBuildFile; fileRef = D0ABE5BE1C47E8DC00DC65DF /* Main.storyboard */; };
		D0ABE5C21C47E8DC00DC65DF /* Assets.xcassets in Resources */ = {isa = PBXBuildFile; fileRef = D0ABE5C11C47E8DC00DC65DF /* Assets.xcassets */; };
		D0ABE5C51C47E8DC00DC65DF /* LaunchScreen.storyboard in Resources */ = {isa = PBXBuildFile; fileRef = D0ABE5C31C47E8DC00DC65DF /* LaunchScreen.storyboard */; };
		D0ABE5D01C47E8DC00DC65DF /* LoveFishTests.m in Sources */ = {isa = PBXBuildFile; fileRef = D0ABE5CF1C47E8DC00DC65DF /* LoveFishTests.m */; };
		D0ABE5DB1C47E8DC00DC65DF /* LoveFishUITests.m in Sources */ = {isa = PBXBuildFile; fileRef = D0ABE5DA1C47E8DC00DC65DF /* LoveFishUITests.m */; };
		D0ABE62B1C47EACE00DC65DF /* babyEye0.png in Resources */ = {isa = PBXBuildFile; fileRef = D0ABE5E91C47EACE00DC65DF /* babyEye0.png */; };
		D0ABE62C1C47EACE00DC65DF /* babyEye1.png in Resources */ = {isa = PBXBuildFile; fileRef = D0ABE5EA1C47EACE00DC65DF /* babyEye1.png */; };
		D0ABE62D1C47EACE00DC65DF /* babyFade0.png in Resources */ = {isa = PBXBuildFile; fileRef = D0ABE5EB1C47EACE00DC65DF /* babyFade0.png */; };
		D0ABE62E1C47EACE00DC65DF /* babyFade1.png in Resources */ = {isa = PBXBuildFile; fileRef = D0ABE5EC1C47EACE00DC65DF /* babyFade1.png */; };
		D0ABE62F1C47EACE00DC65DF /* babyFade10.png in Resources */ = {isa = PBXBuildFile; fileRef = D0ABE5ED1C47EACE00DC65DF /* babyFade10.png */; };
		D0ABE6301C47EACE00DC65DF /* babyFade11.png in Resources */ = {isa = PBXBuildFile; fileRef = D0ABE5EE1C47EACE00DC65DF /* babyFade11.png */; };
		D0ABE6311C47EACE00DC65DF /* babyFade12.png in Resources */ = {isa = PBXBuildFile; fileRef = D0ABE5EF1C47EACE00DC65DF /* babyFade12.png */; };
		D0ABE6321C47EACE00DC65DF /* babyFade13.png in Resources */ = {isa = PBXBuildFile; fileRef = D0ABE5F01C47EACE00DC65DF /* babyFade13.png */; };
		D0ABE6331C47EACE00DC65DF /* babyFade14.png in Resources */ = {isa = PBXBuildFile; fileRef = D0ABE5F11C47EACE00DC65DF /* babyFade14.png */; };
		D0ABE6341C47EACE00DC65DF /* babyFade15.png in Resources */ = {isa = PBXBuildFile; fileRef = D0ABE5F21C47EACE00DC65DF /* babyFade15.png */; };
		D0ABE6351C47EACE00DC65DF /* babyFade16.png in Resources */ = {isa = PBXBuildFile; fileRef = D0ABE5F31C47EACE00DC65DF /* babyFade16.png */; };
		D0ABE6361C47EACE00DC65DF /* babyFade17.png in Resources */ = {isa = PBXBuildFile; fileRef = D0ABE5F41C47EACE00DC65DF /* babyFade17.png */; };
		D0ABE6371C47EACE00DC65DF /* babyFade18.png in Resources */ = {isa = PBXBuildFile; fileRef = D0ABE5F51C47EACE00DC65DF /* babyFade18.png */; };
		D0ABE6381C47EACE00DC65DF /* babyFade19.png in Resources */ = {isa = PBXBuildFile; fileRef = D0ABE5F61C47EACE00DC65DF /* babyFade19.png */; };
		D0ABE6391C47EACE00DC65DF /* babyFade2.png in Resources */ = {isa = PBXBuildFile; fileRef = D0ABE5F71C47EACE00DC65DF /* babyFade2.png */; };
		D0ABE63A1C47EACE00DC65DF /* babyFade3.png in Resources */ = {isa = PBXBuildFile; fileRef = D0ABE5F81C47EACE00DC65DF /* babyFade3.png */; };
		D0ABE63B1C47EACE00DC65DF /* babyFade4.png in Resources */ = {isa = PBXBuildFile; fileRef = D0ABE5F91C47EACE00DC65DF /* babyFade4.png */; };
		D0ABE63C1C47EACE00DC65DF /* babyFade5.png in Resources */ = {isa = PBXBuildFile; fileRef = D0ABE5FA1C47EACE00DC65DF /* babyFade5.png */; };
		D0ABE63D1C47EACE00DC65DF /* babyFade6.png in Resources */ = {isa = PBXBuildFile; fileRef = D0ABE5FB1C47EACE00DC65DF /* babyFade6.png */; };
		D0ABE63E1C47EACE00DC65DF /* babyFade7.png in Resources */ = {isa = PBXBuildFile; fileRef = D0ABE5FC1C47EACE00DC65DF /* babyFade7.png */; };
		D0ABE63F1C47EACE00DC65DF /* babyFade8.png in Resources */ = {isa = PBXBuildFile; fileRef = D0ABE5FD1C47EACE00DC65DF /* babyFade8.png */; };
		D0ABE6401C47EACE00DC65DF /* babyFade9.png in Resources */ = {isa = PBXBuildFile; fileRef = D0ABE5FE1C47EACE00DC65DF /* babyFade9.png */; };
		D0ABE6411C47EACE00DC65DF /* babyTail0.png in Resources */ = {isa = PBXBuildFile; fileRef = D0ABE5FF1C47EACE00DC65DF /* babyTail0.png */; };
		D0ABE6421C47EACE00DC65DF /* babyTail1.png in Resources */ = {isa = PBXBuildFile; fileRef = D0ABE6001C47EACE00DC65DF /* babyTail1.png */; };
		D0ABE6431C47EACE00DC65DF /* babyTail2.png in Resources */ = {isa = PBXBuildFile; fileRef = D0ABE6011C47EACE00DC65DF /* babyTail2.png */; };
		D0ABE6441C47EACE00DC65DF /* babyTail3.png in Resources */ = {isa = PBXBuildFile; fileRef = D0ABE6021C47EACE00DC65DF /* babyTail3.png */; };
		D0ABE6451C47EACE00DC65DF /* babyTail4.png in Resources */ = {isa = PBXBuildFile; fileRef = D0ABE6031C47EACE00DC65DF /* babyTail4.png */; };
		D0ABE6461C47EACE00DC65DF /* babyTail5.png in Resources */ = {isa = PBXBuildFile; fileRef = D0ABE6041C47EACE00DC65DF /* babyTail5.png */; };
		D0ABE6471C47EACE00DC65DF /* babyTail6.png in Resources */ = {isa = PBXBuildFile; fileRef = D0ABE6051C47EACE00DC65DF /* babyTail6.png */; };
		D0ABE6481C47EACE00DC65DF /* babyTail7.png in Resources */ = {isa = PBXBuildFile; fileRef = D0ABE6061C47EACE00DC65DF /* babyTail7.png */; };
		D0ABE6491C47EACE00DC65DF /* background.jpg in Resources */ = {isa = PBXBuildFile; fileRef = D0ABE6071C47EACE00DC65DF /* background.jpg */; };
		D0ABE64A1C47EACE00DC65DF /* bigEye0.png in Resources */ = {isa = PBXBuildFile; fileRef = D0ABE6081C47EACE00DC65DF /* bigEye0.png */; };
		D0ABE64B1C47EACE00DC65DF /* bigEye1.png in Resources */ = {isa = PBXBuildFile; fileRef = D0ABE6091C47EACE00DC65DF /* bigEye1.png */; };
		D0ABE64C1C47EACE00DC65DF /* bigSwim0.png in Resources */ = {isa = PBXBuildFile; fileRef = D0ABE60A1C47EACE00DC65DF /* bigSwim0.png */; };
		D0ABE64D1C47EACE00DC65DF /* bigSwim1.png in Resources */ = {isa = PBXBuildFile; fileRef = D0ABE60B1C47EACE00DC65DF /* bigSwim1.png */; };
		D0ABE64E1C47EACE00DC65DF /* bigSwim2.png in Resources */ = {isa = PBXBuildFile; fileRef = D0ABE60C1C47EACE00DC65DF /* bigSwim2.png */; };
		D0ABE64F1C47EACE00DC65DF /* bigSwim3.png in Resources */ = {isa = PBXBuildFile; fileRef = D0ABE60D1C47EACE00DC65DF /* bigSwim3.png */; };
		D0ABE6501C47EACE00DC65DF /* bigSwim4.png in Resources */ = {isa = PBXBuildFile; fileRef = D0ABE60E1C47EACE00DC65DF /* bigSwim4.png */; };
		D0ABE6511C47EACE00DC65DF /* bigSwim5.png in Resources */ = {isa = PBXBuildFile; fileRef = D0ABE60F1C47EACE00DC65DF /* bigSwim5.png */; };
		D0ABE6521C47EACE00DC65DF /* bigSwim6.png in Resources */ = {isa = PBXBuildFile; fileRef = D0ABE6101C47EACE00DC65DF /* bigSwim6.png */; };
		D0ABE6531C47EACE00DC65DF /* bigSwim7.png in Resources */ = {isa = PBXBuildFile; fileRef = D0ABE6111C47EACE00DC65DF /* bigSwim7.png */; };
		D0ABE6541C47EACE00DC65DF /* bigSwimBlue0.png in Resources */ = {isa = PBXBuildFile; fileRef = D0ABE6121C47EACE00DC65DF /* bigSwimBlue0.png */; };
		D0ABE6551C47EACE00DC65DF /* bigSwimBlue1.png in Resources */ = {isa = PBXBuildFile; fileRef = D0ABE6131C47EACE00DC65DF /* bigSwimBlue1.png */; };
		D0ABE6561C47EACE00DC65DF /* bigSwimBlue2.png in Resources */ = {isa = PBXBuildFile; fileRef = D0ABE6141C47EACE00DC65DF /* bigSwimBlue2.png */; };
		D0ABE6571C47EACE00DC65DF /* bigSwimBlue3.png in Resources */ = {isa = PBXBuildFile; fileRef = D0ABE6151C47EACE00DC65DF /* bigSwimBlue3.png */; };
		D0ABE6581C47EACE00DC65DF /* bigSwimBlue4.png in Resources */ = {isa = PBXBuildFile; fileRef = D0ABE6161C47EACE00DC65DF /* bigSwimBlue4.png */; };
		D0ABE6591C47EACE00DC65DF /* bigSwimBlue5.png in Resources */ = {isa = PBXBuildFile; fileRef = D0ABE6171C47EACE00DC65DF /* bigSwimBlue5.png */; };
		D0ABE65A1C47EACE00DC65DF /* bigSwimBlue6.png in Resources */ = {isa = PBXBuildFile; fileRef = D0ABE6181C47EACE00DC65DF /* bigSwimBlue6.png */; };
		D0ABE65B1C47EACE00DC65DF /* bigSwimBlue7.png in Resources */ = {isa = PBXBuildFile; fileRef = D0ABE6191C47EACE00DC65DF /* bigSwimBlue7.png */; };
		D0ABE65C1C47EACE00DC65DF /* bigTail0.png in Resources */ = {isa = PBXBuildFile; fileRef = D0ABE61A1C47EACE00DC65DF /* bigTail0.png */; };
		D0ABE65D1C47EACE00DC65DF /* bigTail1.png in Resources */ = {isa = PBXBuildFile; fileRef = D0ABE61B1C47EACE00DC65DF /* bigTail1.png */; };
		D0ABE65E1C47EACE00DC65DF /* bigTail2.png in Resources */ = {isa = PBXBuildFile; fileRef = D0ABE61C1C47EACE00DC65DF /* bigTail2.png */; };
		D0ABE65F1C47EACE00DC65DF /* bigTail3.png in Resources */ = {isa = PBXBuildFile; fileRef = D0ABE61D1C47EACE00DC65DF /* bigTail3.png */; };
		D0ABE6601C47EACE00DC65DF /* bigTail4.png in Resources */ = {isa = PBXBuildFile; fileRef = D0ABE61E1C47EACE00DC65DF /* bigTail4.png */; };
		D0ABE6611C47EACE00DC65DF /* bigTail5.png in Resources */ = {isa = PBXBuildFile; fileRef = D0ABE61F1C47EACE00DC65DF /* bigTail5.png */; };
		D0ABE6621C47EACE00DC65DF /* bigTail6.png in Resources */ = {isa = PBXBuildFile; fileRef = D0ABE6201C47EACE00DC65DF /* bigTail6.png */; };
		D0ABE6631C47EACE00DC65DF /* bigTail7.png in Resources */ = {isa = PBXBuildFile; fileRef = D0ABE6211C47EACE00DC65DF /* bigTail7.png */; };
		D0ABE6641C47EACE00DC65DF /* blue.png in Resources */ = {isa = PBXBuildFile; fileRef = D0ABE6221C47EACE00DC65DF /* blue.png */; };
		D0ABE6651C47EACE00DC65DF /* dust0.png in Resources */ = {isa = PBXBuildFile; fileRef = D0ABE6231C47EACE00DC65DF /* dust0.png */; };
		D0ABE6661C47EACE00DC65DF /* dust1.png in Resources */ = {isa = PBXBuildFile; fileRef = D0ABE6241C47EACE00DC65DF /* dust1.png */; };
		D0ABE6671C47EACE00DC65DF /* dust2.png in Resources */ = {isa = PBXBuildFile; fileRef = D0ABE6251C47EACE00DC65DF /* dust2.png */; };
		D0ABE6681C47EACE00DC65DF /* dust3.png in Resources */ = {isa = PBXBuildFile; fileRef = D0ABE6261C47EACE00DC65DF /* dust3.png */; };
		D0ABE6691C47EACE00DC65DF /* dust4.png in Resources */ = {isa = PBXBuildFile; fileRef = D0ABE6271C47EACE00DC65DF /* dust4.png */; };
		D0ABE66A1C47EACE00DC65DF /* dust5.png in Resources */ = {isa = PBXBuildFile; fileRef = D0ABE6281C47EACE00DC65DF /* dust5.png */; };
		D0ABE66B1C47EACE00DC65DF /* dust6.png in Resources */ = {isa = PBXBuildFile; fileRef = D0ABE6291C47EACE00DC65DF /* dust6.png */; };
		D0ABE66C1C47EACE00DC65DF /* fruit.png in Resources */ = {isa = PBXBuildFile; fileRef = D0ABE62A1C47EACE00DC65DF /* fruit.png */; };
		D0ABE66E1C4B337E00DC65DF /* cover.png in Resources */ = {isa = PBXBuildFile; fileRef = D0ABE66D1C4B337E00DC65DF /* cover.png */; };
		D0ABE6701C4C30CD00DC65DF /* Bite.wav in Resources */ = {isa = PBXBuildFile; fileRef = D0ABE66F1C4C30CD00DC65DF /* Bite.wav */; };
/* End PBXBuildFile section */

/* Begin PBXContainerItemProxy section */
		D0ABE5CC1C47E8DC00DC65DF /* PBXContainerItemProxy */ = {
			isa = PBXContainerItemProxy;
			containerPortal = D0ABE5AA1C47E8DB00DC65DF /* Project object */;
			proxyType = 1;
			remoteGlobalIDString = D0ABE5B11C47E8DB00DC65DF;
			remoteInfo = LoveFish;
		};
		D0ABE5D71C47E8DC00DC65DF /* PBXContainerItemProxy */ = {
			isa = PBXContainerItemProxy;
			containerPortal = D0ABE5AA1C47E8DB00DC65DF /* Project object */;
			proxyType = 1;
			remoteGlobalIDString = D0ABE5B11C47E8DB00DC65DF;
			remoteInfo = LoveFish;
		};
/* End PBXContainerItemProxy section */

/* Begin PBXFileReference section */
		D0ABE5B21C47E8DB00DC65DF /* LoveFish.app */ = {isa = PBXFileReference; explicitFileType = wrapper.application; includeInIndex = 0; path = LoveFish.app; sourceTree = BUILT_PRODUCTS_DIR; };
		D0ABE5B61C47E8DC00DC65DF /* main.m */ = {isa = PBXFileReference; lastKnownFileType = sourcecode.c.objc; path = main.m; sourceTree = "<group>"; };
		D0ABE5B81C47E8DC00DC65DF /* AppDelegate.h */ = {isa = PBXFileReference; lastKnownFileType = sourcecode.c.h; path = AppDelegate.h; sourceTree = "<group>"; };
		D0ABE5B91C47E8DC00DC65DF /* AppDelegate.m */ = {isa = PBXFileReference; lastKnownFileType = sourcecode.c.objc; path = AppDelegate.m; sourceTree = "<group>"; };
		D0ABE5BB1C47E8DC00DC65DF /* ViewController.h */ = {isa = PBXFileReference; lastKnownFileType = sourcecode.c.h; path = ViewController.h; sourceTree = "<group>"; };
		D0ABE5BC1C47E8DC00DC65DF /* ViewController.m */ = {isa = PBXFileReference; lastKnownFileType = sourcecode.c.objc; path = ViewController.m; sourceTree = "<group>"; };
		D0ABE5BF1C47E8DC00DC65DF /* Base */ = {isa = PBXFileReference; lastKnownFileType = file.storyboard; name = Base; path = Base.lproj/Main.storyboard; sourceTree = "<group>"; };
		D0ABE5C11C47E8DC00DC65DF /* Assets.xcassets */ = {isa = PBXFileReference; lastKnownFileType = folder.assetcatalog; path = Assets.xcassets; sourceTree = "<group>"; };
		D0ABE5C41C47E8DC00DC65DF /* Base */ = {isa = PBXFileReference; lastKnownFileType = file.storyboard; name = Base; path = Base.lproj/LaunchScreen.storyboard; sourceTree = "<group>"; };
		D0ABE5C61C47E8DC00DC65DF /* Info.plist */ = {isa = PBXFileReference; lastKnownFileType = text.plist.xml; path = Info.plist; sourceTree = "<group>"; };
		D0ABE5CB1C47E8DC00DC65DF /* LoveFishTests.xctest */ = {isa = PBXFileReference; explicitFileType = wrapper.cfbundle; includeInIndex = 0; path = LoveFishTests.xctest; sourceTree = BUILT_PRODUCTS_DIR; };
		D0ABE5CF1C47E8DC00DC65DF /* LoveFishTests.m */ = {isa = PBXFileReference; lastKnownFileType = sourcecode.c.objc; path = LoveFishTests.m; sourceTree = "<group>"; };
		D0ABE5D11C47E8DC00DC65DF /* Info.plist */ = {isa = PBXFileReference; lastKnownFileType = text.plist.xml; path = Info.plist; sourceTree = "<group>"; };
		D0ABE5D61C47E8DC00DC65DF /* LoveFishUITests.xctest */ = {isa = PBXFileReference; explicitFileType = wrapper.cfbundle; includeInIndex = 0; path = LoveFishUITests.xctest; sourceTree = BUILT_PRODUCTS_DIR; };
		D0ABE5DA1C47E8DC00DC65DF /* LoveFishUITests.m */ = {isa = PBXFileReference; lastKnownFileType = sourcecode.c.objc; path = LoveFishUITests.m; sourceTree = "<group>"; };
		D0ABE5DC1C47E8DC00DC65DF /* Info.plist */ = {isa = PBXFileReference; lastKnownFileType = text.plist.xml; path = Info.plist; sourceTree = "<group>"; };
		D0ABE5E91C47EACE00DC65DF /* babyEye0.png */ = {isa = PBXFileReference; lastKnownFileType = image.png; path = babyEye0.png; sourceTree = "<group>"; };
		D0ABE5EA1C47EACE00DC65DF /* babyEye1.png */ = {isa = PBXFileReference; lastKnownFileType = image.png; path = babyEye1.png; sourceTree = "<group>"; };
		D0ABE5EB1C47EACE00DC65DF /* babyFade0.png */ = {isa = PBXFileReference; lastKnownFileType = image.png; path = babyFade0.png; sourceTree = "<group>"; };
		D0ABE5EC1C47EACE00DC65DF /* babyFade1.png */ = {isa = PBXFileReference; lastKnownFileType = image.png; path = babyFade1.png; sourceTree = "<group>"; };
		D0ABE5ED1C47EACE00DC65DF /* babyFade10.png */ = {isa = PBXFileReference; lastKnownFileType = image.png; path = babyFade10.png; sourceTree = "<group>"; };
		D0ABE5EE1C47EACE00DC65DF /* babyFade11.png */ = {isa = PBXFileReference; lastKnownFileType = image.png; path = babyFade11.png; sourceTree = "<group>"; };
		D0ABE5EF1C47EACE00DC65DF /* babyFade12.png */ = {isa = PBXFileReference; lastKnownFileType = image.png; path = babyFade12.png; sourceTree = "<group>"; };
		D0ABE5F01C47EACE00DC65DF /* babyFade13.png */ = {isa = PBXFileReference; lastKnownFileType = image.png; path = babyFade13.png; sourceTree = "<group>"; };
		D0ABE5F11C47EACE00DC65DF /* babyFade14.png */ = {isa = PBXFileReference; lastKnownFileType = image.png; path = babyFade14.png; sourceTree = "<group>"; };
		D0ABE5F21C47EACE00DC65DF /* babyFade15.png */ = {isa = PBXFileReference; lastKnownFileType = image.png; path = babyFade15.png; sourceTree = "<group>"; };
		D0ABE5F31C47EACE00DC65DF /* babyFade16.png */ = {isa = PBXFileReference; lastKnownFileType = image.png; path = babyFade16.png; sourceTree = "<group>"; };
		D0ABE5F41C47EACE00DC65DF /* babyFade17.png */ = {isa = PBXFileReference; lastKnownFileType = image.png; path = babyFade17.png; sourceTree = "<group>"; };
		D0ABE5F51C47EACE00DC65DF /* babyFade18.png */ = {isa = PBXFileReference; lastKnownFileType = image.png; path = babyFade18.png; sourceTree = "<group>"; };
		D0ABE5F61C47EACE00DC65DF /* babyFade19.png */ = {isa = PBXFileReference; lastKnownFileType = image.png; path = babyFade19.png; sourceTree = "<group>"; };
		D0ABE5F71C47EACE00DC65DF /* babyFade2.png */ = {isa = PBXFileReference; lastKnownFileType = image.png; path = babyFade2.png; sourceTree = "<group>"; };
		D0ABE5F81C47EACE00DC65DF /* babyFade3.png */ = {isa = PBXFileReference; lastKnownFileType = image.png; path = babyFade3.png; sourceTree = "<group>"; };
		D0ABE5F91C47EACE00DC65DF /* babyFade4.png */ = {isa = PBXFileReference; lastKnownFileType = image.png; path = babyFade4.png; sourceTree = "<group>"; };
		D0ABE5FA1C47EACE00DC65DF /* babyFade5.png */ = {isa = PBXFileReference; lastKnownFileType = image.png; path = babyFade5.png; sourceTree = "<group>"; };
		D0ABE5FB1C47EACE00DC65DF /* babyFade6.png */ = {isa = PBXFileReference; lastKnownFileType = image.png; path = babyFade6.png; sourceTree = "<group>"; };
		D0ABE5FC1C47EACE00DC65DF /* babyFade7.png */ = {isa = PBXFileReference; lastKnownFileType = image.png; path = babyFade7.png; sourceTree = "<group>"; };
		D0ABE5FD1C47EACE00DC65DF /* babyFade8.png */ = {isa = PBXFileReference; lastKnownFileType = image.png; path = babyFade8.png; sourceTree = "<group>"; };
		D0ABE5FE1C47EACE00DC65DF /* babyFade9.png */ = {isa = PBXFileReference; lastKnownFileType = image.png; path = babyFade9.png; sourceTree = "<group>"; };
		D0ABE5FF1C47EACE00DC65DF /* babyTail0.png */ = {isa = PBXFileReference; lastKnownFileType = image.png; path = babyTail0.png; sourceTree = "<group>"; };
		D0ABE6001C47EACE00DC65DF /* babyTail1.png */ = {isa = PBXFileReference; lastKnownFileType = image.png; path = babyTail1.png; sourceTree = "<group>"; };
		D0ABE6011C47EACE00DC65DF /* babyTail2.png */ = {isa = PBXFileReference; lastKnownFileType = image.png; path = babyTail2.png; sourceTree = "<group>"; };
		D0ABE6021C47EACE00DC65DF /* babyTail3.png */ = {isa = PBXFileReference; lastKnownFileType = image.png; path = babyTail3.png; sourceTree = "<group>"; };
		D0ABE6031C47EACE00DC65DF /* babyTail4.png */ = {isa = PBXFileReference; lastKnownFileType = image.png; path = babyTail4.png; sourceTree = "<group>"; };
		D0ABE6041C47EACE00DC65DF /* babyTail5.png */ = {isa = PBXFileReference; lastKnownFileType = image.png; path = babyTail5.png; sourceTree = "<group>"; };
		D0ABE6051C47EACE00DC65DF /* babyTail6.png */ = {isa = PBXFileReference; lastKnownFileType = image.png; path = babyTail6.png; sourceTree = "<group>"; };
		D0ABE6061C47EACE00DC65DF /* babyTail7.png */ = {isa = PBXFileReference; lastKnownFileType = image.png; path = babyTail7.png; sourceTree = "<group>"; };
		D0ABE6071C47EACE00DC65DF /* background.jpg */ = {isa = PBXFileReference; lastKnownFileType = image.jpeg; path = background.jpg; sourceTree = "<group>"; };
		D0ABE6081C47EACE00DC65DF /* bigEye0.png */ = {isa = PBXFileReference; lastKnownFileType = image.png; path = bigEye0.png; sourceTree = "<group>"; };
		D0ABE6091C47EACE00DC65DF /* bigEye1.png */ = {isa = PBXFileReference; lastKnownFileType = image.png; path = bigEye1.png; sourceTree = "<group>"; };
		D0ABE60A1C47EACE00DC65DF /* bigSwim0.png */ = {isa = PBXFileReference; lastKnownFileType = image.png; path = bigSwim0.png; sourceTree = "<group>"; };
		D0ABE60B1C47EACE00DC65DF /* bigSwim1.png */ = {isa = PBXFileReference; lastKnownFileType = image.png; path = bigSwim1.png; sourceTree = "<group>"; };
		D0ABE60C1C47EACE00DC65DF /* bigSwim2.png */ = {isa = PBXFileReference; lastKnownFileType = image.png; path = bigSwim2.png; sourceTree = "<group>"; };
		D0ABE60D1C47EACE00DC65DF /* bigSwim3.png */ = {isa = PBXFileReference; lastKnownFileType = image.png; path = bigSwim3.png; sourceTree = "<group>"; };
		D0ABE60E1C47EACE00DC65DF /* bigSwim4.png */ = {isa = PBXFileReference; lastKnownFileType = image.png; path = bigSwim4.png; sourceTree = "<group>"; };
		D0ABE60F1C47EACE00DC65DF /* bigSwim5.png */ = {isa = PBXFileReference; lastKnownFileType = image.png; path = bigSwim5.png; sourceTree = "<group>"; };
		D0ABE6101C47EACE00DC65DF /* bigSwim6.png */ = {isa = PBXFileReference; lastKnownFileType = image.png; path = bigSwim6.png; sourceTree = "<group>"; };
		D0ABE6111C47EACE00DC65DF /* bigSwim7.png */ = {isa = PBXFileReference; lastKnownFileType = image.png; path = bigSwim7.png; sourceTree = "<group>"; };
		D0ABE6121C47EACE00DC65DF /* bigSwimBlue0.png */ = {isa = PBXFileReference; lastKnownFileType = image.png; path = bigSwimBlue0.png; sourceTree = "<group>"; };
		D0ABE6131C47EACE00DC65DF /* bigSwimBlue1.png */ = {isa = PBXFileReference; lastKnownFileType = image.png; path = bigSwimBlue1.png; sourceTree = "<group>"; };
		D0ABE6141C47EACE00DC65DF /* bigSwimBlue2.png */ = {isa = PBXFileReference; lastKnownFileType = image.png; path = bigSwimBlue2.png; sourceTree = "<group>"; };
		D0ABE6151C47EACE00DC65DF /* bigSwimBlue3.png */ = {isa = PBXFileReference; lastKnownFileType = image.png; path = bigSwimBlue3.png; sourceTree = "<group>"; };
		D0ABE6161C47EACE00DC65DF /* bigSwimBlue4.png */ = {isa = PBXFileReference; lastKnownFileType = image.png; path = bigSwimBlue4.png; sourceTree = "<group>"; };
		D0ABE6171C47EACE00DC65DF /* bigSwimBlue5.png */ = {isa = PBXFileReference; lastKnownFileType = image.png; path = bigSwimBlue5.png; sourceTree = "<group>"; };
		D0ABE6181C47EACE00DC65DF /* bigSwimBlue6.png */ = {isa = PBXFileReference; lastKnownFileType = image.png; path = bigSwimBlue6.png; sourceTree = "<group>"; };
		D0ABE6191C47EACE00DC65DF /* bigSwimBlue7.png */ = {isa = PBXFileReference; lastKnownFileType = image.png; path = bigSwimBlue7.png; sourceTree = "<group>"; };
		D0ABE61A1C47EACE00DC65DF /* bigTail0.png */ = {isa = PBXFileReference; lastKnownFileType = image.png; path = bigTail0.png; sourceTree = "<group>"; };
		D0ABE61B1C47EACE00DC65DF /* bigTail1.png */ = {isa = PBXFileReference; lastKnownFileType = image.png; path = bigTail1.png; sourceTree = "<group>"; };
		D0ABE61C1C47EACE00DC65DF /* bigTail2.png */ = {isa = PBXFileReference; lastKnownFileType = image.png; path = bigTail2.png; sourceTree = "<group>"; };
		D0ABE61D1C47EACE00DC65DF /* bigTail3.png */ = {isa = PBXFileReference; lastKnownFileType = image.png; path = bigTail3.png; sourceTree = "<group>"; };
		D0ABE61E1C47EACE00DC65DF /* bigTail4.png */ = {isa = PBXFileReference; lastKnownFileType = image.png; path = bigTail4.png; sourceTree = "<group>"; };
		D0ABE61F1C47EACE00DC65DF /* bigTail5.png */ = {isa = PBXFileReference; lastKnownFileType = image.png; path = bigTail5.png; sourceTree = "<group>"; };
		D0ABE6201C47EACE00DC65DF /* bigTail6.png */ = {isa = PBXFileReference; lastKnownFileType = image.png; path = bigTail6.png; sourceTree = "<group>"; };
		D0ABE6211C47EACE00DC65DF /* bigTail7.png */ = {isa = PBXFileReference; lastKnownFileType = image.png; path = bigTail7.png; sourceTree = "<group>"; };
		D0ABE6221C47EACE00DC65DF /* blue.png */ = {isa = PBXFileReference; lastKnownFileType = image.png; path = blue.png; sourceTree = "<group>"; };
		D0ABE6231C47EACE00DC65DF /* dust0.png */ = {isa = PBXFileReference; lastKnownFileType = image.png; path = dust0.png; sourceTree = "<group>"; };
		D0ABE6241C47EACE00DC65DF /* dust1.png */ = {isa = PBXFileReference; lastKnownFileType = image.png; path = dust1.png; sourceTree = "<group>"; };
		D0ABE6251C47EACE00DC65DF /* dust2.png */ = {isa = PBXFileReference; lastKnownFileType = image.png; path = dust2.png; sourceTree = "<group>"; };
		D0ABE6261C47EACE00DC65DF /* dust3.png */ = {isa = PBXFileReference; lastKnownFileType = image.png; path = dust3.png; sourceTree = "<group>"; };
		D0ABE6271C47EACE00DC65DF /* dust4.png */ = {isa = PBXFileReference; lastKnownFileType = image.png; path = dust4.png; sourceTree = "<group>"; };
		D0ABE6281C47EACE00DC65DF /* dust5.png */ = {isa = PBXFileReference; lastKnownFileType = image.png; path = dust5.png; sourceTree = "<group>"; };
		D0ABE6291C47EACE00DC65DF /* dust6.png */ = {isa = PBXFileReference; lastKnownFileType = image.png; path = dust6.png; sourceTree = "<group>"; };
		D0ABE62A1C47EACE00DC65DF /* fruit.png */ = {isa = PBXFileReference; lastKnownFileType = image.png; path = fruit.png; sourceTree = "<group>"; };
		D0ABE66D1C4B337E00DC65DF /* cover.png */ = {isa = PBXFileReference; lastKnownFileType = image.png; path = cover.png; sourceTree = "<group>"; };
		D0ABE66F1C4C30CD00DC65DF /* Bite.wav */ = {isa = PBXFileReference; lastKnownFileType = audio.wav; path = Bite.wav; sourceTree = "<group>"; };
/* End PBXFileReference section */

/* Begin PBXFrameworksBuildPhase section */
		D0ABE5AF1C47E8DB00DC65DF /* Frameworks */ = {
			isa = PBXFrameworksBuildPhase;
			buildActionMask = 2147483647;
			files = (
			);
			runOnlyForDeploymentPostprocessing = 0;
		};
		D0ABE5C81C47E8DC00DC65DF /* Frameworks */ = {
			isa = PBXFrameworksBuildPhase;
			buildActionMask = 2147483647;
			files = (
			);
			runOnlyForDeploymentPostprocessing = 0;
		};
		D0ABE5D31C47E8DC00DC65DF /* Frameworks */ = {
			isa = PBXFrameworksBuildPhase;
			buildActionMask = 2147483647;
			files = (
			);
			runOnlyForDeploymentPostprocessing = 0;
		};
/* End PBXFrameworksBuildPhase section */

/* Begin PBXGroup section */
		D0ABE5A91C47E8DB00DC65DF = {
			isa = PBXGroup;
			children = (
				D0ABE5B41C47E8DC00DC65DF /* LoveFish */,
				D0ABE5CE1C47E8DC00DC65DF /* LoveFishTests */,
				D0ABE5D91C47E8DC00DC65DF /* LoveFishUITests */,
				D0ABE5B31C47E8DB00DC65DF /* Products */,
			);
			sourceTree = "<group>";
		};
		D0ABE5B31C47E8DB00DC65DF /* Products */ = {
			isa = PBXGroup;
			children = (
				D0ABE5B21C47E8DB00DC65DF /* LoveFish.app */,
				D0ABE5CB1C47E8DC00DC65DF /* LoveFishTests.xctest */,
				D0ABE5D61C47E8DC00DC65DF /* LoveFishUITests.xctest */,
			);
			name = Products;
			sourceTree = "<group>";
		};
		D0ABE5B41C47E8DC00DC65DF /* LoveFish */ = {
			isa = PBXGroup;
			children = (
				D0ABE5B81C47E8DC00DC65DF /* AppDelegate.h */,
				D0ABE5B91C47E8DC00DC65DF /* AppDelegate.m */,
				D0ABE5BB1C47E8DC00DC65DF /* ViewController.h */,
				D0ABE5BC1C47E8DC00DC65DF /* ViewController.m */,
				D0ABE5BE1C47E8DC00DC65DF /* Main.storyboard */,
				D0ABE5C11C47E8DC00DC65DF /* Assets.xcassets */,
				D0ABE5C31C47E8DC00DC65DF /* LaunchScreen.storyboard */,
				D0ABE5C61C47E8DC00DC65DF /* Info.plist */,
				D0ABE5B51C47E8DC00DC65DF /* Supporting Files */,
			);
			path = LoveFish;
			sourceTree = "<group>";
		};
		D0ABE5B51C47E8DC00DC65DF /* Supporting Files */ = {
			isa = PBXGroup;
			children = (
				D0ABE5E81C47EACE00DC65DF /* src */,
				D0ABE5B61C47E8DC00DC65DF /* main.m */,
			);
			name = "Supporting Files";
			sourceTree = "<group>";
		};
		D0ABE5CE1C47E8DC00DC65DF /* LoveFishTests */ = {
			isa = PBXGroup;
			children = (
				D0ABE5CF1C47E8DC00DC65DF /* LoveFishTests.m */,
				D0ABE5D11C47E8DC00DC65DF /* Info.plist */,
			);
			path = LoveFishTests;
			sourceTree = "<group>";
		};
		D0ABE5D91C47E8DC00DC65DF /* LoveFishUITests */ = {
			isa = PBXGroup;
			children = (
				D0ABE5DA1C47E8DC00DC65DF /* LoveFishUITests.m */,
				D0ABE5DC1C47E8DC00DC65DF /* Info.plist */,
			);
			path = LoveFishUITests;
			sourceTree = "<group>";
		};
		D0ABE5E81C47EACE00DC65DF /* src */ = {
			isa = PBXGroup;
			children = (
				D0ABE66F1C4C30CD00DC65DF /* Bite.wav */,
				D0ABE5E91C47EACE00DC65DF /* babyEye0.png */,
				D0ABE5EA1C47EACE00DC65DF /* babyEye1.png */,
				D0ABE5EB1C47EACE00DC65DF /* babyFade0.png */,
				D0ABE5EC1C47EACE00DC65DF /* babyFade1.png */,
				D0ABE5ED1C47EACE00DC65DF /* babyFade10.png */,
				D0ABE5EE1C47EACE00DC65DF /* babyFade11.png */,
				D0ABE5EF1C47EACE00DC65DF /* babyFade12.png */,
				D0ABE5F01C47EACE00DC65DF /* babyFade13.png */,
				D0ABE5F11C47EACE00DC65DF /* babyFade14.png */,
				D0ABE5F21C47EACE00DC65DF /* babyFade15.png */,
				D0ABE5F31C47EACE00DC65DF /* babyFade16.png */,
				D0ABE5F41C47EACE00DC65DF /* babyFade17.png */,
				D0ABE5F51C47EACE00DC65DF /* babyFade18.png */,
				D0ABE5F61C47EACE00DC65DF /* babyFade19.png */,
				D0ABE5F71C47EACE00DC65DF /* babyFade2.png */,
				D0ABE5F81C47EACE00DC65DF /* babyFade3.png */,
				D0ABE5F91C47EACE00DC65DF /* babyFade4.png */,
				D0ABE5FA1C47EACE00DC65DF /* babyFade5.png */,
				D0ABE5FB1C47EACE00DC65DF /* babyFade6.png */,
				D0ABE5FC1C47EACE00DC65DF /* babyFade7.png */,
				D0ABE5FD1C47EACE00DC65DF /* babyFade8.png */,
				D0ABE5FE1C47EACE00DC65DF /* babyFade9.png */,
				D0ABE5FF1C47EACE00DC65DF /* babyTail0.png */,
				D0ABE6001C47EACE00DC65DF /* babyTail1.png */,
				D0ABE6011C47EACE00DC65DF /* babyTail2.png */,
				D0ABE6021C47EACE00DC65DF /* babyTail3.png */,
				D0ABE6031C47EACE00DC65DF /* babyTail4.png */,
				D0ABE6041C47EACE00DC65DF /* babyTail5.png */,
				D0ABE6051C47EACE00DC65DF /* babyTail6.png */,
				D0ABE6061C47EACE00DC65DF /* babyTail7.png */,
				D0ABE6071C47EACE00DC65DF /* background.jpg */,
				D0ABE6081C47EACE00DC65DF /* bigEye0.png */,
				D0ABE6091C47EACE00DC65DF /* bigEye1.png */,
				D0ABE60A1C47EACE00DC65DF /* bigSwim0.png */,
				D0ABE60B1C47EACE00DC65DF /* bigSwim1.png */,
				D0ABE60C1C47EACE00DC65DF /* bigSwim2.png */,
				D0ABE60D1C47EACE00DC65DF /* bigSwim3.png */,
				D0ABE60E1C47EACE00DC65DF /* bigSwim4.png */,
				D0ABE60F1C47EACE00DC65DF /* bigSwim5.png */,
				D0ABE6101C47EACE00DC65DF /* bigSwim6.png */,
				D0ABE6111C47EACE00DC65DF /* bigSwim7.png */,
				D0ABE6121C47EACE00DC65DF /* bigSwimBlue0.png */,
				D0ABE6131C47EACE00DC65DF /* bigSwimBlue1.png */,
				D0ABE6141C47EACE00DC65DF /* bigSwimBlue2.png */,
				D0ABE6151C47EACE00DC65DF /* bigSwimBlue3.png */,
				D0ABE6161C47EACE00DC65DF /* bigSwimBlue4.png */,
				D0ABE6171C47EACE00DC65DF /* bigSwimBlue5.png */,
				D0ABE6181C47EACE00DC65DF /* bigSwimBlue6.png */,
				D0ABE6191C47EACE00DC65DF /* bigSwimBlue7.png */,
				D0ABE61A1C47EACE00DC65DF /* bigTail0.png */,
				D0ABE61B1C47EACE00DC65DF /* bigTail1.png */,
				D0ABE61C1C47EACE00DC65DF /* bigTail2.png */,
				D0ABE61D1C47EACE00DC65DF /* bigTail3.png */,
				D0ABE61E1C47EACE00DC65DF /* bigTail4.png */,
				D0ABE61F1C47EACE00DC65DF /* bigTail5.png */,
				D0ABE6201C47EACE00DC65DF /* bigTail6.png */,
				D0ABE6211C47EACE00DC65DF /* bigTail7.png */,
				D0ABE6221C47EACE00DC65DF /* blue.png */,
				D0ABE6231C47EACE00DC65DF /* dust0.png */,
				D0ABE6241C47EACE00DC65DF /* dust1.png */,
				D0ABE6251C47EACE00DC65DF /* dust2.png */,
				D0ABE6261C47EACE00DC65DF /* dust3.png */,
				D0ABE6271C47EACE00DC65DF /* dust4.png */,
				D0ABE6281C47EACE00DC65DF /* dust5.png */,
				D0ABE6291C47EACE00DC65DF /* dust6.png */,
				D0ABE62A1C47EACE00DC65DF /* fruit.png */,
				D0ABE66D1C4B337E00DC65DF /* cover.png */,
			);
			path = src;
			sourceTree = "<group>";
		};
/* End PBXGroup section */

/* Begin PBXNativeTarget section */
		D0ABE5B11C47E8DB00DC65DF /* LoveFish */ = {
			isa = PBXNativeTarget;
			buildConfigurationList = D0ABE5DF1C47E8DC00DC65DF /* Build configuration list for PBXNativeTarget "LoveFish" */;
			buildPhases = (
				D0ABE5AE1C47E8DB00DC65DF /* Sources */,
				D0ABE5AF1C47E8DB00DC65DF /* Frameworks */,
				D0ABE5B01C47E8DB00DC65DF /* Resources */,
			);
			buildRules = (
			);
			dependencies = (
			);
			name = LoveFish;
			productName = LoveFish;
			productReference = D0ABE5B21C47E8DB00DC65DF /* LoveFish.app */;
			productType = "com.apple.product-type.application";
		};
		D0ABE5CA1C47E8DC00DC65DF /* LoveFishTests */ = {
			isa = PBXNativeTarget;
			buildConfigurationList = D0ABE5E21C47E8DC00DC65DF /* Build configuration list for PBXNativeTarget "LoveFishTests" */;
			buildPhases = (
				D0ABE5C71C47E8DC00DC65DF /* Sources */,
				D0ABE5C81C47E8DC00DC65DF /* Frameworks */,
				D0ABE5C91C47E8DC00DC65DF /* Resources */,
			);
			buildRules = (
			);
			dependencies = (
				D0ABE5CD1C47E8DC00DC65DF /* PBXTargetDependency */,
			);
			name = LoveFishTests;
			productName = LoveFishTests;
			productReference = D0ABE5CB1C47E8DC00DC65DF /* LoveFishTests.xctest */;
			productType = "com.apple.product-type.bundle.unit-test";
		};
		D0ABE5D51C47E8DC00DC65DF /* LoveFishUITests */ = {
			isa = PBXNativeTarget;
			buildConfigurationList = D0ABE5E51C47E8DC00DC65DF /* Build configuration list for PBXNativeTarget "LoveFishUITests" */;
			buildPhases = (
				D0ABE5D21C47E8DC00DC65DF /* Sources */,
				D0ABE5D31C47E8DC00DC65DF /* Frameworks */,
				D0ABE5D41C47E8DC00DC65DF /* Resources */,
			);
			buildRules = (
			);
			dependencies = (
				D0ABE5D81C47E8DC00DC65DF /* PBXTargetDependency */,
			);
			name = LoveFishUITests;
			productName = LoveFishUITests;
			productReference = D0ABE5D61C47E8DC00DC65DF /* LoveFishUITests.xctest */;
			productType = "com.apple.product-type.bundle.ui-testing";
		};
/* End PBXNativeTarget section */

/* Begin PBXProject section */
		D0ABE5AA1C47E8DB00DC65DF /* Project object */ = {
			isa = PBXProject;
			attributes = {
				LastUpgradeCheck = 0720;
				ORGANIZATIONNAME = com.luowanglin;
				TargetAttributes = {
					D0ABE5B11C47E8DB00DC65DF = {
						CreatedOnToolsVersion = 7.2;
						DevelopmentTeam = TBGZ3FQW7N;
					};
					D0ABE5CA1C47E8DC00DC65DF = {
						CreatedOnToolsVersion = 7.2;
						DevelopmentTeam = TBGZ3FQW7N;
						TestTargetID = D0ABE5B11C47E8DB00DC65DF;
					};
					D0ABE5D51C47E8DC00DC65DF = {
						CreatedOnToolsVersion = 7.2;
						DevelopmentTeam = TBGZ3FQW7N;
						TestTargetID = D0ABE5B11C47E8DB00DC65DF;
					};
				};
			};
			buildConfigurationList = D0ABE5AD1C47E8DB00DC65DF /* Build configuration list for PBXProject "LoveFish" */;
			compatibilityVersion = "Xcode 3.2";
			developmentRegion = English;
			hasScannedForEncodings = 0;
			knownRegions = (
				en,
				Base,
			);
			mainGroup = D0ABE5A91C47E8DB00DC65DF;
			productRefGroup = D0ABE5B31C47E8DB00DC65DF /* Products */;
			projectDirPath = "";
			projectRoot = "";
			targets = (
				D0ABE5B11C47E8DB00DC65DF /* LoveFish */,
				D0ABE5CA1C47E8DC00DC65DF /* LoveFishTests */,
				D0ABE5D51C47E8DC00DC65DF /* LoveFishUITests */,
			);
		};
/* End PBXProject section */

/* Begin PBXResourcesBuildPhase section */
		D0ABE5B01C47E8DB00DC65DF /* Resources */ = {
			isa = PBXResourcesBuildPhase;
			buildActionMask = 2147483647;
			files = (
				D0ABE6581C47EACE00DC65DF /* bigSwimBlue4.png in Resources */,
				D0ABE62F1C47EACE00DC65DF /* babyFade10.png in Resources */,
				D0ABE63E1C47EACE00DC65DF /* babyFade7.png in Resources */,
				D0ABE6441C47EACE00DC65DF /* babyTail3.png in Resources */,
				D0ABE63A1C47EACE00DC65DF /* babyFade3.png in Resources */,
				D0ABE6461C47EACE00DC65DF /* babyTail5.png in Resources */,
				D0ABE64C1C47EACE00DC65DF /* bigSwim0.png in Resources */,
				D0ABE6641C47EACE00DC65DF /* blue.png in Resources */,
				D0ABE64E1C47EACE00DC65DF /* bigSwim2.png in Resources */,
				D0ABE6381C47EACE00DC65DF /* babyFade19.png in Resources */,
				D0ABE62E1C47EACE00DC65DF /* babyFade1.png in Resources */,
				D0ABE62C1C47EACE00DC65DF /* babyEye1.png in Resources */,
				D0ABE62B1C47EACE00DC65DF /* babyEye0.png in Resources */,
				D0ABE6351C47EACE00DC65DF /* babyFade16.png in Resources */,
				D0ABE64A1C47EACE00DC65DF /* bigEye0.png in Resources */,
				D0ABE6481C47EACE00DC65DF /* babyTail7.png in Resources */,
				D0ABE64B1C47EACE00DC65DF /* bigEye1.png in Resources */,
				D0ABE65C1C47EACE00DC65DF /* bigTail0.png in Resources */,
				D0ABE65B1C47EACE00DC65DF /* bigSwimBlue7.png in Resources */,
				D0ABE6501C47EACE00DC65DF /* bigSwim4.png in Resources */,
				D0ABE6571C47EACE00DC65DF /* bigSwimBlue3.png in Resources */,
				D0ABE65D1C47EACE00DC65DF /* bigTail1.png in Resources */,
				D0ABE66B1C47EACE00DC65DF /* dust6.png in Resources */,
				D0ABE6491C47EACE00DC65DF /* background.jpg in Resources */,
				D0ABE6401C47EACE00DC65DF /* babyFade9.png in Resources */,
				D0ABE62D1C47EACE00DC65DF /* babyFade0.png in Resources */,
				D0ABE6661C47EACE00DC65DF /* dust1.png in Resources */,
				D0ABE6421C47EACE00DC65DF /* babyTail1.png in Resources */,
				D0ABE6651C47EACE00DC65DF /* dust0.png in Resources */,
				D0ABE6691C47EACE00DC65DF /* dust4.png in Resources */,
				D0ABE6301C47EACE00DC65DF /* babyFade11.png in Resources */,
				D0ABE6631C47EACE00DC65DF /* bigTail7.png in Resources */,
				D0ABE5C51C47E8DC00DC65DF /* LaunchScreen.storyboard in Resources */,
				D0ABE64D1C47EACE00DC65DF /* bigSwim1.png in Resources */,
				D0ABE66A1C47EACE00DC65DF /* dust5.png in Resources */,
				D0ABE6561C47EACE00DC65DF /* bigSwimBlue2.png in Resources */,
				D0ABE6601C47EACE00DC65DF /* bigTail4.png in Resources */,
				D0ABE6621C47EACE00DC65DF /* bigTail6.png in Resources */,
				D0ABE6681C47EACE00DC65DF /* dust3.png in Resources */,
				D0ABE6371C47EACE00DC65DF /* babyFade18.png in Resources */,
				D0ABE6511C47EACE00DC65DF /* bigSwim5.png in Resources */,
				D0ABE66C1C47EACE00DC65DF /* fruit.png in Resources */,
				D0ABE6591C47EACE00DC65DF /* bigSwimBlue5.png in Resources */,
				D0ABE6361C47EACE00DC65DF /* babyFade17.png in Resources */,
				D0ABE6321C47EACE00DC65DF /* babyFade13.png in Resources */,
				D0ABE63F1C47EACE00DC65DF /* babyFade8.png in Resources */,
				D0ABE6611C47EACE00DC65DF /* bigTail5.png in Resources */,
				D0ABE66E1C4B337E00DC65DF /* cover.png in Resources */,
				D0ABE6331C47EACE00DC65DF /* babyFade14.png in Resources */,
				D0ABE6431C47EACE00DC65DF /* babyTail2.png in Resources */,
				D0ABE5C21C47E8DC00DC65DF /* Assets.xcassets in Resources */,
				D0ABE65F1C47EACE00DC65DF /* bigTail3.png in Resources */,
				D0ABE6671C47EACE00DC65DF /* dust2.png in Resources */,
				D0ABE6391C47EACE00DC65DF /* babyFade2.png in Resources */,
				D0ABE6531C47EACE00DC65DF /* bigSwim7.png in Resources */,
				D0ABE6701C4C30CD00DC65DF /* Bite.wav in Resources */,
				D0ABE65A1C47EACE00DC65DF /* bigSwimBlue6.png in Resources */,
				D0ABE65E1C47EACE00DC65DF /* bigTail2.png in Resources */,
				D0ABE6451C47EACE00DC65DF /* babyTail4.png in Resources */,
				D0ABE63D1C47EACE00DC65DF /* babyFade6.png in Resources */,
				D0ABE6311C47EACE00DC65DF /* babyFade12.png in Resources */,
				D0ABE6521C47EACE00DC65DF /* bigSwim6.png in Resources */,
				D0ABE63C1C47EACE00DC65DF /* babyFade5.png in Resources */,
				D0ABE6551C47EACE00DC65DF /* bigSwimBlue1.png in Resources */,
				D0ABE6341C47EACE00DC65DF /* babyFade15.png in Resources */,
				D0ABE63B1C47EACE00DC65DF /* babyFade4.png in Resources */,
				D0ABE64F1C47EACE00DC65DF /* bigSwim3.png in Resources */,
				D0ABE6411C47EACE00DC65DF /* babyTail0.png in Resources */,
				D0ABE6471C47EACE00DC65DF /* babyTail6.png in Resources */,
				D0ABE6541C47EACE00DC65DF /* bigSwimBlue0.png in Resources */,
				D0ABE5C01C47E8DC00DC65DF /* Main.storyboard in Resources */,
			);
			runOnlyForDeploymentPostprocessing = 0;
		};
		D0ABE5C91C47E8DC00DC65DF /* Resources */ = {
			isa = PBXResourcesBuildPhase;
			buildActionMask = 2147483647;
			files = (
			);
			runOnlyForDeploymentPostprocessing = 0;
		};
		D0ABE5D41C47E8DC00DC65DF /* Resources */ = {
			isa = PBXResourcesBuildPhase;
			buildActionMask = 2147483647;
			files = (
			);
			runOnlyForDeploymentPostprocessing = 0;
		};
/* End PBXResourcesBuildPhase section */

/* Begin PBXSourcesBuildPhase section */
		D0ABE5AE1C47E8DB00DC65DF /* Sources */ = {
			isa = PBXSourcesBuildPhase;
			buildActionMask = 2147483647;
			files = (
				D0ABE5BD1C47E8DC00DC65DF /* ViewController.m in Sources */,
				D0ABE5BA1C47E8DC00DC65DF /* AppDelegate.m in Sources */,
				D0ABE5B71C47E8DC00DC65DF /* main.m in Sources */,
			);
			runOnlyForDeploymentPostprocessing = 0;
		};
		D0ABE5C71C47E8DC00DC65DF /* Sources */ = {
			isa = PBXSourcesBuildPhase;
			buildActionMask = 2147483647;
			files = (
				D0ABE5D01C47E8DC00DC65DF /* LoveFishTests.m in Sources */,
			);
			runOnlyForDeploymentPostprocessing = 0;
		};
		D0ABE5D21C47E8DC00DC65DF /* Sources */ = {
			isa = PBXSourcesBuildPhase;
			buildActionMask = 2147483647;
			files = (
				D0ABE5DB1C47E8DC00DC65DF /* LoveFishUITests.m in Sources */,
			);
			runOnlyForDeploymentPostprocessing = 0;
		};
/* End PBXSourcesBuildPhase section */

/* Begin PBXTargetDependency section */
		D0ABE5CD1C47E8DC00DC65DF /* PBXTargetDependency */ = {
			isa = PBXTargetDependency;
			target = D0ABE5B11C47E8DB00DC65DF /* LoveFish */;
			targetProxy = D0ABE5CC1C47E8DC00DC65DF /* PBXContainerItemProxy */;
		};
		D0ABE5D81C47E8DC00DC65DF /* PBXTargetDependency */ = {
			isa = PBXTargetDependency;
			target = D0ABE5B11C47E8DB00DC65DF /* LoveFish */;
			targetProxy = D0ABE5D71C47E8DC00DC65DF /* PBXContainerItemProxy */;
		};
/* End PBXTargetDependency section */

/* Begin PBXVariantGroup section */
		D0ABE5BE1C47E8DC00DC65DF /* Main.storyboard */ = {
			isa = PBXVariantGroup;
			children = (
				D0ABE5BF1C47E8DC00DC65DF /* Base */,
			);
			name = Main.storyboard;
			sourceTree = "<group>";
		};
		D0ABE5C31C47E8DC00DC65DF /* LaunchScreen.storyboard */ = {
			isa = PBXVariantGroup;
			children = (
				D0ABE5C41C47E8DC00DC65DF /* Base */,
			);
			name = LaunchScreen.storyboard;
			sourceTree = "<group>";
		};
/* End PBXVariantGroup section */

/* Begin XCBuildConfiguration section */
		D0ABE5DD1C47E8DC00DC65DF /* Debug */ = {
			isa = XCBuildConfiguration;
			buildSettings = {
				ALWAYS_SEARCH_USER_PATHS = NO;
				CLANG_CXX_LANGUAGE_STANDARD = "gnu++0x";
				CLANG_CXX_LIBRARY = "libc++";
				CLANG_ENABLE_MODULES = YES;
				CLANG_ENABLE_OBJC_ARC = YES;
				CLANG_WARN_BOOL_CONVERSION = YES;
				CLANG_WARN_CONSTANT_CONVERSION = YES;
				CLANG_WARN_DIRECT_OBJC_ISA_USAGE = YES_ERROR;
				CLANG_WARN_EMPTY_BODY = YES;
				CLANG_WARN_ENUM_CONVERSION = YES;
				CLANG_WARN_INT_CONVERSION = YES;
				CLANG_WARN_OBJC_ROOT_CLASS = YES_ERROR;
				CLANG_WARN_UNREACHABLE_CODE = YES;
				CLANG_WARN__DUPLICATE_METHOD_MATCH = YES;
				"CODE_SIGN_IDENTITY[sdk=iphoneos*]" = "iPhone Developer";
				COPY_PHASE_STRIP = NO;
				DEBUG_INFORMATION_FORMAT = dwarf;
				ENABLE_STRICT_OBJC_MSGSEND = YES;
				ENABLE_TESTABILITY = YES;
				GCC_C_LANGUAGE_STANDARD = gnu99;
				GCC_DYNAMIC_NO_PIC = NO;
				GCC_NO_COMMON_BLOCKS = YES;
				GCC_OPTIMIZATION_LEVEL = 0;
				GCC_PREPROCESSOR_DEFINITIONS = (
					"DEBUG=1",
					"$(inherited)",
				);
				GCC_WARN_64_TO_32_BIT_CONVERSION = YES;
				GCC_WARN_ABOUT_RETURN_TYPE = YES_ERROR;
				GCC_WARN_UNDECLARED_SELECTOR = YES;
				GCC_WARN_UNINITIALIZED_AUTOS = YES_AGGRESSIVE;
				GCC_WARN_UNUSED_FUNCTION = YES;
				GCC_WARN_UNUSED_VARIABLE = YES;
				IPHONEOS_DEPLOYMENT_TARGET = 9.2;
				MTL_ENABLE_DEBUG_INFO = YES;
				ONLY_ACTIVE_ARCH = YES;
				SDKROOT = iphoneos;
				TARGETED_DEVICE_FAMILY = 2;
			};
			name = Debug;
		};
		D0ABE5DE1C47E8DC00DC65DF /* Release */ = {
			isa = XCBuildConfiguration;
			buildSettings = {
				ALWAYS_SEARCH_USER_PATHS = NO;
				CLANG_CXX_LANGUAGE_STANDARD = "gnu++0x";
				CLANG_CXX_LIBRARY = "libc++";
				CLANG_ENABLE_MODULES = YES;
				CLANG_ENABLE_OBJC_ARC = YES;
				CLANG_WARN_BOOL_CONVERSION = YES;
				CLANG_WARN_CONSTANT_CONVERSION = YES;
				CLANG_WARN_DIRECT_OBJC_ISA_USAGE = YES_ERROR;
				CLANG_WARN_EMPTY_BODY = YES;
				CLANG_WARN_ENUM_CONVERSION = YES;
				CLANG_WARN_INT_CONVERSION = YES;
				CLANG_WARN_OBJC_ROOT_CLASS = YES_ERROR;
				CLANG_WARN_UNREACHABLE_CODE = YES;
				CLANG_WARN__DUPLICATE_METHOD_MATCH = YES;
				"CODE_SIGN_IDENTITY[sdk=iphoneos*]" = "iPhone Developer";
				COPY_PHASE_STRIP = NO;
				DEBUG_INFORMATION_FORMAT = "dwarf-with-dsym";
				ENABLE_NS_ASSERTIONS = NO;
				ENABLE_STRICT_OBJC_MSGSEND = YES;
				GCC_C_LANGUAGE_STANDARD = gnu99;
				GCC_NO_COMMON_BLOCKS = YES;
				GCC_WARN_64_TO_32_BIT_CONVERSION = YES;
				GCC_WARN_ABOUT_RETURN_TYPE = YES_ERROR;
				GCC_WARN_UNDECLARED_SELECTOR = YES;
				GCC_WARN_UNINITIALIZED_AUTOS = YES_AGGRESSIVE;
				GCC_WARN_UNUSED_FUNCTION = YES;
				GCC_WARN_UNUSED_VARIABLE = YES;
				IPHONEOS_DEPLOYMENT_TARGET = 9.2;
				MTL_ENABLE_DEBUG_INFO = NO;
				SDKROOT = iphoneos;
				TARGETED_DEVICE_FAMILY = 2;
				VALIDATE_PRODUCT = YES;
			};
			name = Release;
		};
		D0ABE5E01C47E8DC00DC65DF /* Debug */ = {
			isa = XCBuildConfiguration;
			buildSettings = {
				ASSETCATALOG_COMPILER_APPICON_NAME = AppIcon;
				INFOPLIST_FILE = LoveFish/Info.plist;
				IPHONEOS_DEPLOYMENT_TARGET = 9.0;
				LD_RUNPATH_SEARCH_PATHS = "$(inherited) @executable_path/Frameworks";
				PRODUCT_BUNDLE_IDENTIFIER = wonly.LoveFish;
				PRODUCT_NAME = "$(TARGET_NAME)";
			};
			name = Debug;
		};
		D0ABE5E11C47E8DC00DC65DF /* Release */ = {
			isa = XCBuildConfiguration;
			buildSettings = {
				ASSETCATALOG_COMPILER_APPICON_NAME = AppIcon;
				INFOPLIST_FILE = LoveFish/Info.plist;
				IPHONEOS_DEPLOYMENT_TARGET = 9.0;
				LD_RUNPATH_SEARCH_PATHS = "$(inherited) @executable_path/Frameworks";
				PRODUCT_BUNDLE_IDENTIFIER = wonly.LoveFish;
				PRODUCT_NAME = "$(TARGET_NAME)";
			};
			name = Release;
		};
		D0ABE5E31C47E8DC00DC65DF /* Debug */ = {
			isa = XCBuildConfiguration;
			buildSettings = {
				BUNDLE_LOADER = "$(TEST_HOST)";
				INFOPLIST_FILE = LoveFishTests/Info.plist;
				LD_RUNPATH_SEARCH_PATHS = "$(inherited) @executable_path/Frameworks @loader_path/Frameworks";
				PRODUCT_BUNDLE_IDENTIFIER = wonly.LoveFishTests;
				PRODUCT_NAME = "$(TARGET_NAME)";
				TEST_HOST = "$(BUILT_PRODUCTS_DIR)/LoveFish.app/LoveFish";
			};
			name = Debug;
		};
		D0ABE5E41C47E8DC00DC65DF /* Release */ = {
			isa = XCBuildConfiguration;
			buildSettings = {
				BUNDLE_LOADER = "$(TEST_HOST)";
				INFOPLIST_FILE = LoveFishTests/Info.plist;
				LD_RUNPATH_SEARCH_PATHS = "$(inherited) @executable_path/Frameworks @loader_path/Frameworks";
				PRODUCT_BUNDLE_IDENTIFIER = wonly.LoveFishTests;
				PRODUCT_NAME = "$(TARGET_NAME)";
				TEST_HOST = "$(BUILT_PRODUCTS_DIR)/LoveFish.app/LoveFish";
			};
			name = Release;
		};
		D0ABE5E61C47E8DC00DC65DF /* Debug */ = {
			isa = XCBuildConfiguration;
			buildSettings = {
				INFOPLIST_FILE = LoveFishUITests/Info.plist;
				LD_RUNPATH_SEARCH_PATHS = "$(inherited) @executable_path/Frameworks @loader_path/Frameworks";
				PRODUCT_BUNDLE_IDENTIFIER = wonly.LoveFishUITests;
				PRODUCT_NAME = "$(TARGET_NAME)";
				TEST_TARGET_NAME = LoveFish;
				USES_XCTRUNNER = YES;
			};
			name = Debug;
		};
		D0ABE5E71C47E8DC00DC65DF /* Release */ = {
			isa = XCBuildConfiguration;
			buildSettings = {
				INFOPLIST_FILE = LoveFishUITests/Info.plist;
				LD_RUNPATH_SEARCH_PATHS = "$(inherited) @executable_path/Frameworks @loader_path/Frameworks";
				PRODUCT_BUNDLE_IDENTIFIER = wonly.LoveFishUITests;
				PRODUCT_NAME = "$(TARGET_NAME)";
				TEST_TARGET_NAME = LoveFish;
				USES_XCTRUNNER = YES;
			};
			name = Release;
		};
/* End XCBuildConfiguration section */

/* Begin XCConfigurationList section */
		D0ABE5AD1C47E8DB00DC65DF /* Build configuration list for PBXProject "LoveFish" */ = {
			isa = XCConfigurationList;
			buildConfigurations = (
				D0ABE5DD1C47E8DC00DC65DF /* Debug */,
				D0ABE5DE1C47E8DC00DC65DF /* Release */,
			);
			defaultConfigurationIsVisible = 0;
			defaultConfigurationName = Release;
		};
		D0ABE5DF1C47E8DC00DC65DF /* Build configuration list for PBXNativeTarget "LoveFish" */ = {
			isa = XCConfigurationList;
			buildConfigurations = (
				D0ABE5E01C47E8DC00DC65DF /* Debug */,
				D0ABE5E11C47E8DC00DC65DF /* Release */,
			);
			defaultConfigurationIsVisible = 0;
		};
		D0ABE5E21C47E8DC00DC65DF /* Build configuration list for PBXNativeTarget "LoveFishTests" */ = {
			isa = XCConfigurationList;
			buildConfigurations = (
				D0ABE5E31C47E8DC00DC65DF /* Debug */,
				D0ABE5E41C47E8DC00DC65DF /* Release */,
			);
			defaultConfigurationIsVisible = 0;
		};
		D0ABE5E51C47E8DC00DC65DF /* Build configuration list for PBXNativeTarget "LoveFishUITests" */ = {
			isa = XCConfigurationList;
			buildConfigurations = (
				D0ABE5E61C47E8DC00DC65DF /* Debug */,
				D0ABE5E71C47E8DC00DC65DF /* Release */,
			);
			defaultConfigurationIsVisible = 0;
		};
/* End XCConfigurationList section */
	};
	rootObject = D0ABE5AA1C47E8DB00DC65DF /* Project object */;
}
